
Microsoft Visual Studio Solution File, Format Version 12.00
# Visual Studio Version 16
VisualStudioVersion = 16.0.32428.217
MinimumVisualStudioVersion = 10.0.40219.1
Project("{2150E333-8FDC-42A3-9474-1A3956D46DE8}") = "Services", "Services", "{292056CC-FC20-41C0-AB9F-9F1A8CA6AA53}"
EndProject
Project("{2150E333-8FDC-42A3-9474-1A3956D46DE8}") = "Catalog", "Catalog", "{828A4ED9-07CB-4B94-940D-31F2DB3645B0}"
EndProject
Project("{9A19103F-16F7-4668-BE54-9A1E7A4F7556}") = "Catalog.API", "Services\Catalog\Catalog.API\Catalog.API.csproj", "{49C9666C-B8A2-4715-B9CF-935D82D21B8C}"
EndProject
Project("{E53339B2-1760-4266-BCC7-CA923CBCF16C}") = "docker-compose", "docker-compose.dcproj", "{2B03522D-7BEC-41AA-9702-3065F0845C3C}"
EndProject
Project("{2150E333-8FDC-42A3-9474-1A3956D46DE8}") = "Basket", "Basket", "{7B3A4D55-14AB-409B-8C31-A294B0096C45}"
EndProject
Project("{FAE04EC0-301F-11D3-BF4B-00C04F79EFBC}") = "Basket.API", "Services\Basket\Basket.API\Basket.API.csproj", "{4903C80B-EAA5-4BD4-B468-1D2AA479A839}"
EndProject
Project("{2150E333-8FDC-42A3-9474-1A3956D46DE8}") = "Discount", "Discount", "{1DAF085A-1200-4432-9340-5CEB7BD362DA}"
EndProject
Project("{FAE04EC0-301F-11D3-BF4B-00C04F79EFBC}") = "Discount.API", "Services\Discount\Discount.API\Discount.API.csproj", "{21D215CC-45D5-4222-ABC5-D5E293BF8A5B}"
EndProject
Project("{FAE04EC0-301F-11D3-BF4B-00C04F79EFBC}") = "Discount.Grpc", "Services\Discount\Discount.Grpc\Discount.Grpc.csproj", "{ABE2D5C1-6121-4EAE-9393-ECC7B6C653BF}"
EndProject
Project("{2150E333-8FDC-42A3-9474-1A3956D46DE8}") = "Ordering", "Ordering", "{3A25F42D-5980-424B-BB1B-473F915E6063}"
EndProject
Project("{FAE04EC0-301F-11D3-BF4B-00C04F79EFBC}") = "Ordering.API", "Services\Ordering\Ordering.API\Ordering.API.csproj", "{EA3287EA-875E-4807-8C47-12260CE621EE}"
EndProject
Project("{FAE04EC0-301F-11D3-BF4B-00C04F79EFBC}") = "Ordering.Domain", "Services\Ordering\Ordering.Domain\Ordering.Domain.csproj", "{1F4BC25D-B473-4D70-BFC1-F1593C6ADF5C}"
EndProject
Project("{FAE04EC0-301F-11D3-BF4B-00C04F79EFBC}") = "Ordering.Application", "Services\Ordering\Ordering.Application\Ordering.Application.csproj", "{0AD113E6-42E5-4419-9E1D-D4FA296B4055}"
EndProject
Project("{FAE04EC0-301F-11D3-BF4B-00C04F79EFBC}") = "Ordering.Infrastructure", "Services\Ordering\Ordering.Infrastructure\Ordering.Infrastructure.csproj", "{D8AD3178-61DF-47A8-A26B-F345B16F1824}"
EndProject
Global
	GlobalSection(SolutionConfigurationPlatforms) = preSolution
		Debug|Any CPU = Debug|Any CPU
		Release|Any CPU = Release|Any CPU
	EndGlobalSection
	GlobalSection(ProjectConfigurationPlatforms) = postSolution
		{49C9666C-B8A2-4715-B9CF-935D82D21B8C}.Debug|Any CPU.ActiveCfg = Debug|Any CPU
		{49C9666C-B8A2-4715-B9CF-935D82D21B8C}.Debug|Any CPU.Build.0 = Debug|Any CPU
		{49C9666C-B8A2-4715-B9CF-935D82D21B8C}.Release|Any CPU.ActiveCfg = Release|Any CPU
		{49C9666C-B8A2-4715-B9CF-935D82D21B8C}.Release|Any CPU.Build.0 = Release|Any CPU
		{2B03522D-7BEC-41AA-9702-3065F0845C3C}.Debug|Any CPU.ActiveCfg = Debug|Any CPU
		{2B03522D-7BEC-41AA-9702-3065F0845C3C}.Debug|Any CPU.Build.0 = Debug|Any CPU
		{2B03522D-7BEC-41AA-9702-3065F0845C3C}.Release|Any CPU.ActiveCfg = Release|Any CPU
		{2B03522D-7BEC-41AA-9702-3065F0845C3C}.Release|Any CPU.Build.0 = Release|Any CPU
		{4903C80B-EAA5-4BD4-B468-1D2AA479A839}.Debug|Any CPU.ActiveCfg = Debug|Any CPU
		{4903C80B-EAA5-4BD4-B468-1D2AA479A839}.Debug|Any CPU.Build.0 = Debug|Any CPU
		{4903C80B-EAA5-4BD4-B468-1D2AA479A839}.Release|Any CPU.ActiveCfg = Release|Any CPU
		{4903C80B-EAA5-4BD4-B468-1D2AA479A839}.Release|Any CPU.Build.0 = Release|Any CPU
		{21D215CC-45D5-4222-ABC5-D5E293BF8A5B}.Debug|Any CPU.ActiveCfg = Debug|Any CPU
		{21D215CC-45D5-4222-ABC5-D5E293BF8A5B}.Debug|Any CPU.Build.0 = Debug|Any CPU
		{21D215CC-45D5-4222-ABC5-D5E293BF8A5B}.Release|Any CPU.ActiveCfg = Release|Any CPU
		{21D215CC-45D5-4222-ABC5-D5E293BF8A5B}.Release|Any CPU.Build.0 = Release|Any CPU
		{ABE2D5C1-6121-4EAE-9393-ECC7B6C653BF}.Debug|Any CPU.ActiveCfg = Debug|Any CPU
		{ABE2D5C1-6121-4EAE-9393-ECC7B6C653BF}.Debug|Any CPU.Build.0 = Debug|Any CPU
		{ABE2D5C1-6121-4EAE-9393-ECC7B6C653BF}.Release|Any CPU.ActiveCfg = Release|Any CPU
		{ABE2D5C1-6121-4EAE-9393-ECC7B6C653BF}.Release|Any CPU.Build.0 = Release|Any CPU
		{EA3287EA-875E-4807-8C47-12260CE621EE}.Debug|Any CPU.ActiveCfg = Debug|Any CPU
		{EA3287EA-875E-4807-8C47-12260CE621EE}.Debug|Any CPU.Build.0 = Debug|Any CPU
		{EA3287EA-875E-4807-8C47-12260CE621EE}.Release|Any CPU.ActiveCfg = Release|Any CPU
		{EA3287EA-875E-4807-8C47-12260CE621EE}.Release|Any CPU.Build.0 = Release|Any CPU
		{1F4BC25D-B473-4D70-BFC1-F1593C6ADF5C}.Debug|Any CPU.ActiveCfg = Debug|Any CPU
		{1F4BC25D-B473-4D70-BFC1-F1593C6ADF5C}.Debug|Any CPU.Build.0 = Debug|Any CPU
		{1F4BC25D-B473-4D70-BFC1-F1593C6ADF5C}.Release|Any CPU.ActiveCfg = Release|Any CPU
		{1F4BC25D-B473-4D70-BFC1-F1593C6ADF5C}.Release|Any CPU.Build.0 = Release|Any CPU
		{0AD113E6-42E5-4419-9E1D-D4FA296B4055}.Debug|Any CPU.ActiveCfg = Debug|Any CPU
		{0AD113E6-42E5-4419-9E1D-D4FA296B4055}.Debug|Any CPU.Build.0 = Debug|Any CPU
		{0AD113E6-42E5-4419-9E1D-D4FA296B4055}.Release|Any CPU.ActiveCfg = Release|Any CPU
		{0AD113E6-42E5-4419-9E1D-D4FA296B4055}.Release|Any CPU.Build.0 = Release|Any CPU
		{D8AD3178-61DF-47A8-A26B-F345B16F1824}.Debug|Any CPU.ActiveCfg = Debug|Any CPU
		{D8AD3178-61DF-47A8-A26B-F345B16F1824}.Debug|Any CPU.Build.0 = Debug|Any CPU
		{D8AD3178-61DF-47A8-A26B-F345B16F1824}.Release|Any CPU.ActiveCfg = Release|Any CPU
		{D8AD3178-61DF-47A8-A26B-F345B16F1824}.Release|Any CPU.Build.0 = Release|Any CPU
	EndGlobalSection
	GlobalSection(SolutionProperties) = preSolution
		HideSolutionNode = FALSE
	EndGlobalSection
	GlobalSection(NestedProjects) = preSolution
		{828A4ED9-07CB-4B94-940D-31F2DB3645B0} = {292056CC-FC20-41C0-AB9F-9F1A8CA6AA53}
		{49C9666C-B8A2-4715-B9CF-935D82D21B8C} = {828A4ED9-07CB-4B94-940D-31F2DB3645B0}
		{7B3A4D55-14AB-409B-8C31-A294B0096C45} = {292056CC-FC20-41C0-AB9F-9F1A8CA6AA53}
		{4903C80B-EAA5-4BD4-B468-1D2AA479A839} = {7B3A4D55-14AB-409B-8C31-A294B0096C45}
		{1DAF085A-1200-4432-9340-5CEB7BD362DA} = {292056CC-FC20-41C0-AB9F-9F1A8CA6AA53}
		{21D215CC-45D5-4222-ABC5-D5E293BF8A5B} = {1DAF085A-1200-4432-9340-5CEB7BD362DA}
		{ABE2D5C1-6121-4EAE-9393-ECC7B6C653BF} = {1DAF085A-1200-4432-9340-5CEB7BD362DA}
		{3A25F42D-5980-424B-BB1B-473F915E6063} = {292056CC-FC20-41C0-AB9F-9F1A8CA6AA53}
		{EA3287EA-875E-4807-8C47-12260CE621EE} = {3A25F42D-5980-424B-BB1B-473F915E6063}
		{1F4BC25D-B473-4D70-BFC1-F1593C6ADF5C} = {3A25F42D-5980-424B-BB1B-473F915E6063}
		{0AD113E6-42E5-4419-9E1D-D4FA296B4055} = {3A25F42D-5980-424B-BB1B-473F915E6063}
		{D8AD3178-61DF-47A8-A26B-F345B16F1824} = {3A25F42D-5980-424B-BB1B-473F915E6063}
	EndGlobalSection
	GlobalSection(ExtensibilityGlobals) = postSolution
		SolutionGuid = {F4D105B7-CBA1-41AF-A92A-522B00F682D4}
	EndGlobalSection
EndGlobal
